
Microsoft Visual Studio Solution File, Format Version 12.00
# Visual Studio 16
Project("{FAE04EC0-301F-11D3-BF4B-00C04F79EFBC}") = "Assembly-CSharp", "Assembly-CSharp.csproj", "{D488A806-8723-8A48-6FA6-1959E92BB303}"
EndProject
Global
	GlobalSection(SolutionConfigurationPlatforms) = preSolution
		Debug|Any CPU = Debug|Any CPU
		Release|Any CPU = Release|Any CPU
	EndGlobalSection
	GlobalSection(ProjectConfigurationPlatforms) = postSolution
		{D488A806-8723-8A48-6FA6-1959E92BB303}.Debug|Any CPU.ActiveCfg = Debug|Any CPU
		{D488A806-8723-8A48-6FA6-1959E92BB303}.Debug|Any CPU.Build.0 = Debug|Any CPU
		{D488A806-8723-8A48-6FA6-1959E92BB303}.Release|Any CPU.ActiveCfg = Release|Any CPU
		{D488A806-8723-8A48-6FA6-1959E92BB303}.Release|Any CPU.Build.0 = Release|Any CPU
	EndGlobalSection
	GlobalSection(SolutionProperties) = preSolution
		HideSolutionNode = FALSE
	EndGlobalSection
EndGlobal
